
Microsoft Visual Studio Solution File, Format Version 12.00
# Visual Studio Version 17
VisualStudioVersion = 17.14.37012.4 d17.14
MinimumVisualStudioVersion = 10.0.40219.1
Project("{8BC9CEB8-8B4A-11D0-8D11-00A0C91BC942}") = "Object_Oriented_Paradigm_in_Cpp", "Object_Oriented_Paradigm_in_Cpp.vcxproj", "{49D8559E-9102-4D25-B35A-E1F9B2B20200}"
EndProject
Project("{8BC9CEB8-8B4A-11D0-8D11-00A0C91BC942}") = "vtablee", "..\vtablee\vtablee.vcxproj", "{15F77863-359C-49C7-B86E-01E9D21CD8F4}"
EndProject
Global
	GlobalSection(SolutionConfigurationPlatforms) = preSolution
		Debug|x64 = Debug|x64
		Debug|x86 = Debug|x86
		Release|x64 = Release|x64
		Release|x86 = Release|x86
	EndGlobalSection
	GlobalSection(ProjectConfigurationPlatforms) = postSolution
		{49D8559E-9102-4D25-B35A-E1F9B2B20200}.Debug|x64.ActiveCfg = Debug|x64
		{49D8559E-9102-4D25-B35A-E1F9B2B20200}.Debug|x64.Build.0 = Debug|x64
		{49D8559E-9102-4D25-B35A-E1F9B2B20200}.Debug|x86.ActiveCfg = Debug|Win32
		{49D8559E-9102-4D25-B35A-E1F9B2B20200}.Debug|x86.Build.0 = Debug|Win32
		{49D8559E-9102-4D25-B35A-E1F9B2B20200}.Release|x64.ActiveCfg = Release|x64
		{49D8559E-9102-4D25-B35A-E1F9B2B20200}.Release|x64.Build.0 = Release|x64
		{49D8559E-9102-4D25-B35A-E1F9B2B20200}.Release|x86.ActiveCfg = Release|Win32
		{49D8559E-9102-4D25-B35A-E1F9B2B20200}.Release|x86.Build.0 = Release|Win32
		{15F77863-359C-49C7-B86E-01E9D21CD8F4}.Debug|x64.ActiveCfg = Debug|x64
		{15F77863-359C-49C7-B86E-01E9D21CD8F4}.Debug|x64.Build.0 = Debug|x64
		{15F77863-359C-49C7-B86E-01E9D21CD8F4}.Debug|x86.ActiveCfg = Debug|Win32
		{15F77863-359C-49C7-B86E-01E9D21CD8F4}.Debug|x86.Build.0 = Debug|Win32
		{15F77863-359C-49C7-B86E-01E9D21CD8F4}.Release|x64.ActiveCfg = Release|x64
		{15F77863-359C-49C7-B86E-01E9D21CD8F4}.Release|x64.Build.0 = Release|x64
		{15F77863-359C-49C7-B86E-01E9D21CD8F4}.Release|x86.ActiveCfg = Release|Win32
		{15F77863-359C-49C7-B86E-01E9D21CD8F4}.Release|x86.Build.0 = Release|Win32
	EndGlobalSection
	GlobalSection(SolutionProperties) = preSolution
		HideSolutionNode = FALSE
	EndGlobalSection
	GlobalSection(ExtensibilityGlobals) = postSolution
		SolutionGuid = {43CCEC37-1553-4EE4-82EF-1C8D2A318BBB}
	EndGlobalSection
EndGlobal
